
Microsoft Visual Studio Solution File, Format Version 12.00
# Visual Studio Version 16
VisualStudioVersion = 16.0.32413.511
MinimumVisualStudioVersion = 10.0.40219.1
Project("{9A19103F-16F7-4668-BE54-9A1E7A4F7556}") = "DiscreteSimulationOfDormitory", "DiscreteSimulationOfDormitory.csproj", "{8289F68D-C287-4459-846A-7E2B7337C91E}"
EndProject
Global
	GlobalSection(SolutionConfigurationPlatforms) = preSolution
		Debug|Any CPU = Debug|Any CPU
		Release|Any CPU = Release|Any CPU
	EndGlobalSection
	GlobalSection(ProjectConfigurationPlatforms) = postSolution
		{8289F68D-C287-4459-846A-7E2B7337C91E}.Debug|Any CPU.ActiveCfg = Release|Any CPU
		{8289F68D-C287-4459-846A-7E2B7337C91E}.Debug|Any CPU.Build.0 = Release|Any CPU
		{8289F68D-C287-4459-846A-7E2B7337C91E}.Release|Any CPU.ActiveCfg = Release|Any CPU
		{8289F68D-C287-4459-846A-7E2B7337C91E}.Release|Any CPU.Build.0 = Release|Any CPU
	EndGlobalSection
	GlobalSection(SolutionProperties) = preSolution
		HideSolutionNode = FALSE
	EndGlobalSection
	GlobalSection(ExtensibilityGlobals) = postSolution
		SolutionGuid = {A10499ED-7A49-45B8-A547-8DFD3F605EDD}
	EndGlobalSection
EndGlobal
